
Microsoft Visual Studio Solution File, Format Version 12.00
# Visual Studio Version 16
VisualStudioVersion = 16.0.30611.23
MinimumVisualStudioVersion = 10.0.40219.1
Project("{9A19103F-16F7-4668-BE54-9A1E7A4F7556}") = "Web", "Web\Web.csproj", "{99D49482-0153-4580-84C1-9D8A861725D4}"
EndProject
Project("{9A19103F-16F7-4668-BE54-9A1E7A4F7556}") = "SQL Repository", "SQL Repository\SQL Repository.csproj", "{5465EFDD-C156-4D34-ABAD-045DACE829D5}"
EndProject
Project("{9A19103F-16F7-4668-BE54-9A1E7A4F7556}") = "WebReact", "WebReact\WebReact.csproj", "{B3897106-0F87-4E9C-B0BA-098BAF147E52}"
EndProject
Global
	GlobalSection(SolutionConfigurationPlatforms) = preSolution
		Debug|Any CPU = Debug|Any CPU
		Release|Any CPU = Release|Any CPU
	EndGlobalSection
	GlobalSection(ProjectConfigurationPlatforms) = postSolution
		{99D49482-0153-4580-84C1-9D8A861725D4}.Debug|Any CPU.ActiveCfg = Debug|Any CPU
		{99D49482-0153-4580-84C1-9D8A861725D4}.Debug|Any CPU.Build.0 = Debug|Any CPU
		{99D49482-0153-4580-84C1-9D8A861725D4}.Release|Any CPU.ActiveCfg = Release|Any CPU
		{99D49482-0153-4580-84C1-9D8A861725D4}.Release|Any CPU.Build.0 = Release|Any CPU
		{5465EFDD-C156-4D34-ABAD-045DACE829D5}.Debug|Any CPU.ActiveCfg = Debug|Any CPU
		{5465EFDD-C156-4D34-ABAD-045DACE829D5}.Debug|Any CPU.Build.0 = Debug|Any CPU
		{5465EFDD-C156-4D34-ABAD-045DACE829D5}.Release|Any CPU.ActiveCfg = Release|Any CPU
		{5465EFDD-C156-4D34-ABAD-045DACE829D5}.Release|Any CPU.Build.0 = Release|Any CPU
		{B3897106-0F87-4E9C-B0BA-098BAF147E52}.Debug|Any CPU.ActiveCfg = Debug|Any CPU
		{B3897106-0F87-4E9C-B0BA-098BAF147E52}.Debug|Any CPU.Build.0 = Debug|Any CPU
		{B3897106-0F87-4E9C-B0BA-098BAF147E52}.Release|Any CPU.ActiveCfg = Release|Any CPU
		{B3897106-0F87-4E9C-B0BA-098BAF147E52}.Release|Any CPU.Build.0 = Release|Any CPU
	EndGlobalSection
	GlobalSection(SolutionProperties) = preSolution
		HideSolutionNode = FALSE
	EndGlobalSection
	GlobalSection(ExtensibilityGlobals) = postSolution
		SolutionGuid = {4A7BA0B2-109B-44FC-BF6A-C0EF2EC51DDC}
	EndGlobalSection
EndGlobal
