
Microsoft Visual Studio Solution File, Format Version 12.00
# Visual Studio Version 16
VisualStudioVersion = 16.0.30611.23
MinimumVisualStudioVersion = 10.0.40219.1
Project("{FAE04EC0-301F-11D3-BF4B-00C04F79EFBC}") = "Web", "Web\Web.csproj", "{D19D4E66-3407-48E2-AC31-C975E92251F7}"
EndProject
Global
	GlobalSection(SolutionConfigurationPlatforms) = preSolution
		Debug|Any CPU = Debug|Any CPU
		Release|Any CPU = Release|Any CPU
	EndGlobalSection
	GlobalSection(ProjectConfigurationPlatforms) = postSolution
		{D19D4E66-3407-48E2-AC31-C975E92251F7}.Debug|Any CPU.ActiveCfg = Debug|Any CPU
		{D19D4E66-3407-48E2-AC31-C975E92251F7}.Debug|Any CPU.Build.0 = Debug|Any CPU
		{D19D4E66-3407-48E2-AC31-C975E92251F7}.Release|Any CPU.ActiveCfg = Release|Any CPU
		{D19D4E66-3407-48E2-AC31-C975E92251F7}.Release|Any CPU.Build.0 = Release|Any CPU
	EndGlobalSection
	GlobalSection(SolutionProperties) = preSolution
		HideSolutionNode = FALSE
	EndGlobalSection
	GlobalSection(ExtensibilityGlobals) = postSolution
		SolutionGuid = {0BA14614-1D70-48A5-B57A-3F1C4B0311E7}
	EndGlobalSection
EndGlobal
