
Microsoft Visual Studio Solution File, Format Version 12.00
# Visual Studio Version 16
VisualStudioVersion = 16.0.31019.35
MinimumVisualStudioVersion = 10.0.40219.1
Project("{9A19103F-16F7-4668-BE54-9A1E7A4F7556}") = "SQL Repository", "SQL Repository.csproj", "{9B386DE6-704D-498A-83FF-29FBF855C624}"
EndProject
Project("{2150E333-8FDC-42A3-9474-1A3956D46DE8}") = "client", "client", "{D055011C-6B35-486C-85BE-3D71FEFFE648}"
EndProject
Global
	GlobalSection(SolutionConfigurationPlatforms) = preSolution
		Debug|Any CPU = Debug|Any CPU
		Release|Any CPU = Release|Any CPU
	EndGlobalSection
	GlobalSection(ProjectConfigurationPlatforms) = postSolution
		{9B386DE6-704D-498A-83FF-29FBF855C624}.Debug|Any CPU.ActiveCfg = Debug|Any CPU
		{9B386DE6-704D-498A-83FF-29FBF855C624}.Debug|Any CPU.Build.0 = Debug|Any CPU
		{9B386DE6-704D-498A-83FF-29FBF855C624}.Release|Any CPU.ActiveCfg = Release|Any CPU
		{9B386DE6-704D-498A-83FF-29FBF855C624}.Release|Any CPU.Build.0 = Release|Any CPU
	EndGlobalSection
	GlobalSection(SolutionProperties) = preSolution
		HideSolutionNode = FALSE
	EndGlobalSection
	GlobalSection(ExtensibilityGlobals) = postSolution
		SolutionGuid = {D0DCA9D5-54C2-431B-A2A8-767C6C8818BD}
	EndGlobalSection
EndGlobal
